
Microsoft Visual Studio Solution File, Format Version 12.00
# Visual Studio 15
VisualStudioVersion = 15.0.27428.2043
MinimumVisualStudioVersion = 10.0.40219.1
Project("{FAE04EC0-301F-11D3-BF4B-00C04F79EFBC}") = "FormBuilder", "FormBuilder.csproj", "{08EBE8FF-412D-4836-A70A-AA9562936123}"
EndProject
Global
	GlobalSection(SolutionConfigurationPlatforms) = preSolution
		Debug|Any CPU = Debug|Any CPU
		Release|Any CPU = Release|Any CPU
	EndGlobalSection
	GlobalSection(ProjectConfigurationPlatforms) = postSolution
		{08EBE8FF-412D-4836-A70A-AA9562936123}.Debug|Any CPU.ActiveCfg = Debug|Any CPU
		{08EBE8FF-412D-4836-A70A-AA9562936123}.Debug|Any CPU.Build.0 = Debug|Any CPU
		{08EBE8FF-412D-4836-A70A-AA9562936123}.Release|Any CPU.ActiveCfg = Release|Any CPU
		{08EBE8FF-412D-4836-A70A-AA9562936123}.Release|Any CPU.Build.0 = Release|Any CPU
	EndGlobalSection
	GlobalSection(SolutionProperties) = preSolution
		HideSolutionNode = FALSE
	EndGlobalSection
	GlobalSection(ExtensibilityGlobals) = postSolution
		SolutionGuid = {68E6CE5B-252E-46D0-A964-B34257D9F507}
	EndGlobalSection
EndGlobal
